
Microsoft Visual Studio Solution File, Format Version 12.00
# Visual Studio Version 17
VisualStudioVersion = 17.4.33213.308
MinimumVisualStudioVersion = 10.0.40219.1
Project("{FAE04EC0-301F-11D3-BF4B-00C04F79EFBC}") = "Dairy", "Dairy\Dairy.csproj", "{92B4D664-DA81-4347-A310-D2FA3D6E7B01}"
EndProject
Global
	GlobalSection(SolutionConfigurationPlatforms) = preSolution
		Debug|Any CPU = Debug|Any CPU
		Release|Any CPU = Release|Any CPU
	EndGlobalSection
	GlobalSection(ProjectConfigurationPlatforms) = postSolution
		{92B4D664-DA81-4347-A310-D2FA3D6E7B01}.Debug|Any CPU.ActiveCfg = Debug|Any CPU
		{92B4D664-DA81-4347-A310-D2FA3D6E7B01}.Debug|Any CPU.Build.0 = Debug|Any CPU
		{92B4D664-DA81-4347-A310-D2FA3D6E7B01}.Release|Any CPU.ActiveCfg = Release|Any CPU
		{92B4D664-DA81-4347-A310-D2FA3D6E7B01}.Release|Any CPU.Build.0 = Release|Any CPU
	EndGlobalSection
	GlobalSection(SolutionProperties) = preSolution
		HideSolutionNode = FALSE
	EndGlobalSection
	GlobalSection(ExtensibilityGlobals) = postSolution
		SolutionGuid = {EABCF4AB-5633-40A3-A518-486EFBC42ECA}
	EndGlobalSection
EndGlobal
